
Microsoft Visual Studio Solution File, Format Version 12.00
# Visual Studio Version 16
VisualStudioVersion = 16.0.30523.141
MinimumVisualStudioVersion = 10.0.40219.1
Project("{FAE04EC0-301F-11D3-BF4B-00C04F79EFBC}") = "HelloApp.Android", "HelloApp\HelloApp.Android\HelloApp.Android.csproj", "{6A5B2856-55E6-4985-AD16-7FBA8117F820}"
EndProject
Project("{FAE04EC0-301F-11D3-BF4B-00C04F79EFBC}") = "HelloApp.iOS", "HelloApp\HelloApp.iOS\HelloApp.iOS.csproj", "{A9FB8661-8B69-4EF8-A754-29B4AACC4BEA}"
EndProject
Project("{9A19103F-16F7-4668-BE54-9A1E7A4F7556}") = "HelloApp", "HelloApp\HelloApp\HelloApp.csproj", "{121AB1E7-1330-42A0-898B-B6EF267C446C}"
EndProject
Global
	GlobalSection(SolutionConfigurationPlatforms) = preSolution
		Debug|Any CPU = Debug|Any CPU
		Debug|iPhone = Debug|iPhone
		Debug|iPhoneSimulator = Debug|iPhoneSimulator
		Release|Any CPU = Release|Any CPU
		Release|iPhone = Release|iPhone
		Release|iPhoneSimulator = Release|iPhoneSimulator
	EndGlobalSection
	GlobalSection(ProjectConfigurationPlatforms) = postSolution
		{6A5B2856-55E6-4985-AD16-7FBA8117F820}.Debug|Any CPU.ActiveCfg = Debug|Any CPU
		{6A5B2856-55E6-4985-AD16-7FBA8117F820}.Debug|Any CPU.Build.0 = Debug|Any CPU
		{6A5B2856-55E6-4985-AD16-7FBA8117F820}.Debug|Any CPU.Deploy.0 = Debug|Any CPU
		{6A5B2856-55E6-4985-AD16-7FBA8117F820}.Debug|iPhone.ActiveCfg = Debug|Any CPU
		{6A5B2856-55E6-4985-AD16-7FBA8117F820}.Debug|iPhone.Build.0 = Debug|Any CPU
		{6A5B2856-55E6-4985-AD16-7FBA8117F820}.Debug|iPhone.Deploy.0 = Debug|Any CPU
		{6A5B2856-55E6-4985-AD16-7FBA8117F820}.Debug|iPhoneSimulator.ActiveCfg = Debug|Any CPU
		{6A5B2856-55E6-4985-AD16-7FBA8117F820}.Debug|iPhoneSimulator.Build.0 = Debug|Any CPU
		{6A5B2856-55E6-4985-AD16-7FBA8117F820}.Debug|iPhoneSimulator.Deploy.0 = Debug|Any CPU
		{6A5B2856-55E6-4985-AD16-7FBA8117F820}.Release|Any CPU.ActiveCfg = Release|Any CPU
		{6A5B2856-55E6-4985-AD16-7FBA8117F820}.Release|Any CPU.Build.0 = Release|Any CPU
		{6A5B2856-55E6-4985-AD16-7FBA8117F820}.Release|Any CPU.Deploy.0 = Release|Any CPU
		{6A5B2856-55E6-4985-AD16-7FBA8117F820}.Release|iPhone.ActiveCfg = Release|Any CPU
		{6A5B2856-55E6-4985-AD16-7FBA8117F820}.Release|iPhone.Build.0 = Release|Any CPU
		{6A5B2856-55E6-4985-AD16-7FBA8117F820}.Release|iPhone.Deploy.0 = Release|Any CPU
		{6A5B2856-55E6-4985-AD16-7FBA8117F820}.Release|iPhoneSimulator.ActiveCfg = Release|Any CPU
		{6A5B2856-55E6-4985-AD16-7FBA8117F820}.Release|iPhoneSimulator.Build.0 = Release|Any CPU
		{6A5B2856-55E6-4985-AD16-7FBA8117F820}.Release|iPhoneSimulator.Deploy.0 = Release|Any CPU
		{A9FB8661-8B69-4EF8-A754-29B4AACC4BEA}.Debug|Any CPU.ActiveCfg = Debug|iPhone
		{A9FB8661-8B69-4EF8-A754-29B4AACC4BEA}.Debug|Any CPU.Build.0 = Debug|iPhone
		{A9FB8661-8B69-4EF8-A754-29B4AACC4BEA}.Debug|Any CPU.Deploy.0 = Debug|iPhone
		{A9FB8661-8B69-4EF8-A754-29B4AACC4BEA}.Debug|iPhone.ActiveCfg = Debug|iPhone
		{A9FB8661-8B69-4EF8-A754-29B4AACC4BEA}.Debug|iPhone.Build.0 = Debug|iPhone
		{A9FB8661-8B69-4EF8-A754-29B4AACC4BEA}.Debug|iPhone.Deploy.0 = Debug|iPhone
		{A9FB8661-8B69-4EF8-A754-29B4AACC4BEA}.Debug|iPhoneSimulator.ActiveCfg = Debug|iPhoneSimulator
		{A9FB8661-8B69-4EF8-A754-29B4AACC4BEA}.Debug|iPhoneSimulator.Build.0 = Debug|iPhoneSimulator
		{A9FB8661-8B69-4EF8-A754-29B4AACC4BEA}.Debug|iPhoneSimulator.Deploy.0 = Debug|iPhoneSimulator
		{A9FB8661-8B69-4EF8-A754-29B4AACC4BEA}.Release|Any CPU.ActiveCfg = Release|iPhoneSimulator
		{A9FB8661-8B69-4EF8-A754-29B4AACC4BEA}.Release|Any CPU.Build.0 = Release|iPhoneSimulator
		{A9FB8661-8B69-4EF8-A754-29B4AACC4BEA}.Release|Any CPU.Deploy.0 = Release|iPhoneSimulator
		{A9FB8661-8B69-4EF8-A754-29B4AACC4BEA}.Release|iPhone.ActiveCfg = Release|iPhone
		{A9FB8661-8B69-4EF8-A754-29B4AACC4BEA}.Release|iPhone.Build.0 = Release|iPhone
		{A9FB8661-8B69-4EF8-A754-29B4AACC4BEA}.Release|iPhone.Deploy.0 = Release|iPhone
		{A9FB8661-8B69-4EF8-A754-29B4AACC4BEA}.Release|iPhoneSimulator.ActiveCfg = Release|iPhoneSimulator
		{A9FB8661-8B69-4EF8-A754-29B4AACC4BEA}.Release|iPhoneSimulator.Build.0 = Release|iPhoneSimulator
		{A9FB8661-8B69-4EF8-A754-29B4AACC4BEA}.Release|iPhoneSimulator.Deploy.0 = Release|iPhoneSimulator
		{121AB1E7-1330-42A0-898B-B6EF267C446C}.Debug|Any CPU.ActiveCfg = Debug|Any CPU
		{121AB1E7-1330-42A0-898B-B6EF267C446C}.Debug|Any CPU.Build.0 = Debug|Any CPU
		{121AB1E7-1330-42A0-898B-B6EF267C446C}.Debug|Any CPU.Deploy.0 = Debug|Any CPU
		{121AB1E7-1330-42A0-898B-B6EF267C446C}.Debug|iPhone.ActiveCfg = Debug|Any CPU
		{121AB1E7-1330-42A0-898B-B6EF267C446C}.Debug|iPhone.Build.0 = Debug|Any CPU
		{121AB1E7-1330-42A0-898B-B6EF267C446C}.Debug|iPhone.Deploy.0 = Debug|Any CPU
		{121AB1E7-1330-42A0-898B-B6EF267C446C}.Debug|iPhoneSimulator.ActiveCfg = Debug|Any CPU
		{121AB1E7-1330-42A0-898B-B6EF267C446C}.Debug|iPhoneSimulator.Build.0 = Debug|Any CPU
		{121AB1E7-1330-42A0-898B-B6EF267C446C}.Debug|iPhoneSimulator.Deploy.0 = Debug|Any CPU
		{121AB1E7-1330-42A0-898B-B6EF267C446C}.Release|Any CPU.ActiveCfg = Release|Any CPU
		{121AB1E7-1330-42A0-898B-B6EF267C446C}.Release|Any CPU.Build.0 = Release|Any CPU
		{121AB1E7-1330-42A0-898B-B6EF267C446C}.Release|Any CPU.Deploy.0 = Release|Any CPU
		{121AB1E7-1330-42A0-898B-B6EF267C446C}.Release|iPhone.ActiveCfg = Release|Any CPU
		{121AB1E7-1330-42A0-898B-B6EF267C446C}.Release|iPhone.Build.0 = Release|Any CPU
		{121AB1E7-1330-42A0-898B-B6EF267C446C}.Release|iPhone.Deploy.0 = Release|Any CPU
		{121AB1E7-1330-42A0-898B-B6EF267C446C}.Release|iPhoneSimulator.ActiveCfg = Release|Any CPU
		{121AB1E7-1330-42A0-898B-B6EF267C446C}.Release|iPhoneSimulator.Build.0 = Release|Any CPU
		{121AB1E7-1330-42A0-898B-B6EF267C446C}.Release|iPhoneSimulator.Deploy.0 = Release|Any CPU
	EndGlobalSection
	GlobalSection(SolutionProperties) = preSolution
		HideSolutionNode = FALSE
	EndGlobalSection
	GlobalSection(ExtensibilityGlobals) = postSolution
		SolutionGuid = {204FAC7F-1C41-4759-9CB8-69AB0CF82F98}
	EndGlobalSection
EndGlobal
